PODS:
  - AHKActionSheet (0.5.4)
  - AMPopTip (3.1.1)
  - AMWaveTransition (0.6.2)
  - BAFluidView (0.2.3)
  - BubbleTransition (2.0.2)
  - CVCalendar (1.6.0)
  - FBSnapshotTestCase (2.1.4):
    - FBSnapshotTestCase/SwiftSupport (= 2.1.4)
  - FBSnapshotTestCase/Core (2.1.4)
  - FBSnapshotTestCase/SwiftSupport (2.1.4):
    - FBSnapshotTestCase/Core
  - Nimble (7.0.3)
  - Nimble-Snapshots (6.3.0):
    - Nimble-Snapshots/Core (= 6.3.0)
  - Nimble-Snapshots/Core (6.3.0):
    - FBSnapshotTestCase (~> 2.0)
    - Nimble (~> 7.0)
  - pop (1.0.10)
  - Quick (1.2.0)
  - Realm (3.0.2):
    - Realm/Headers (= 3.0.2)
  - Realm/Headers (3.0.2)
  - RealmSwift (3.0.2):
    - Realm (= 3.0.2)
  - UICountingLabel (1.4.1)

DEPENDENCIES:
  - AHKActionSheet (~> 0.5)
  - AMPopTip (~> 3.1.1)
  - AMWaveTransition (~> 0.5)
  - BAFluidView (~> 0.2.3)
  - BubbleTransition (~> 2.0.0)
  - CVCalendar (~> 1.6.0)
  - FBSnapshotTestCase (= 2.1.4)
  - Nimble (~> 7.0.3)
  - Nimble-Snapshots (~> 6.3.0)
  - pop (~> 1.0)
  - Quick (~> 1.2.0)
  - RealmSwift (~> 3.0.2)
  - UICountingLabel (~> 1.2)

SPEC CHECKSUMS:
  AHKActionSheet: f0b312b5c689f72924d231c39dae140ecd5c1d46
  AMPopTip: e50789f3b3c1eefcaf56bcadc44079c0b8e6ae1b
  AMWaveTransition: 98952310574779e4ca7e7f4d89f8b1043cdad171
  BAFluidView: 5d84ef109831b97740f75b6d785e51f13fa08398
  BubbleTransition: 7d98ed7d56f0940e83f350a98103ad473491c769
  CVCalendar: d6da92b579dfc1e0939e324dfffd2e1045cf69b1
  FBSnapshotTestCase: 094f9f314decbabe373b87cc339bea235a63e07a
  Nimble: 7f5a9c447a33002645a071bddafbfb24ea70e0ac
  Nimble-Snapshots: f5459b5b091678dc942d03ec4741cacb58ba4a52
  pop: 82ca6b068ce9278fd350fd9dd09482a0ce9492e6
  Quick: 58d203b1c5e27fff7229c4c1ae445ad7069a7a08
  Realm: 6f23fd1f178a09342eac21bfa7c2bf4312a7a180
  RealmSwift: 695393add1b8f9d5fa75dd16e6355cf3935f71e2
  UICountingLabel: faf890b505d96312e324a86718f031fafffb0ccb

PODFILE CHECKSUM: 9d1671872a83e40fc062fc581f002ad4f54515ad

COCOAPODS: 1.4.0.rc.1
