<?xml version="1.0" encoding="UTF-8"?>
<Scheme
   LastUpgradeVersion = "0800"
   version = "2.0">
   <BuildAction
      parallelizeBuildables = "NO"
      buildImplicitDependencies = "YES">
      <BuildActionEntries>
         <BuildActionEntry
            buildForTesting = "YES"
            buildForRunning = "YES"
            buildForProfiling = "YES"
            buildForArchiving = "YES"
            buildForAnalyzing = "YES">
            <BuildableReference
               BuildableIdentifier = "primary"
               BlueprintIdentifier = "65F44C681AF24B8A0093A3E9"
               BuildableName = "Gulps WatchKit App.app"
               BlueprintName = "Gulps WatchKit App"
               ReferencedContainer = "container:Gulps.xcodeproj">
            </BuildableReference>
         </BuildActionEntry>
         <BuildActionEntry
            buildForTesting = "YES"
            buildForRunning = "YES"
            buildForProfiling = "YES"
            buildForArchiving = "YES"
            buildForAnalyzing = "YES">
            <BuildableReference
               BuildableIdentifier = "primary"
               BlueprintIdentifier = "65F44C591AF24B8A0093A3E9"
               BuildableName = "Gulps WatchKit Extension.appex"
               BlueprintName = "Gulps WatchKit Extension"
               ReferencedContainer = "container:Gulps.xcodeproj">
            </BuildableReference>
         </BuildActionEntry>
         <BuildActionEntry
            buildForTesting = "YES"
            buildForRunning = "YES"
            buildForProfiling = "YES"
            buildForArchiving = "YES"
            buildForAnalyzing = "YES">
            <BuildableReference
               BuildableIdentifier = "primary"
               BlueprintIdentifier = "65F44C1A1AF24B440093A3E9"
               BuildableName = "Gulps.app"
               BlueprintName = "Gulps"
               ReferencedContainer = "container:Gulps.xcodeproj">
            </BuildableReference>
         </BuildActionEntry>
      </BuildActionEntries>
   </BuildAction>
   <TestAction
      buildConfiguration = "Debug"
      selectedDebuggerIdentifier = "Xcode.DebuggerFoundation.Debugger.LLDB"
      selectedLauncherIdentifier = "Xcode.DebuggerFoundation.Launcher.LLDB"
      shouldUseLaunchSchemeArgsEnv = "YES">
      <Testables>
         <TestableReference
            skipped = "NO">
            <BuildableReference
               BuildableIdentifier = "primary"
               BlueprintIdentifier = "655DF1011BAC19EB00431D0E"
               BuildableName = "GulpsModelTests.xctest"
               BlueprintName = "GulpsModelTests"
               ReferencedContainer = "container:Gulps.xcodeproj">
            </BuildableReference>
         </TestableReference>
      </Testables>
      <MacroExpansion>
         <BuildableReference
            BuildableIdentifier = "primary"
            BlueprintIdentifier = "65F44C681AF24B8A0093A3E9"
            BuildableName = "Gulps WatchKit App.app"
            BlueprintName = "Gulps WatchKit App"
            ReferencedContainer = "container:Gulps.xcodeproj">
         </BuildableReference>
      </MacroExpansion>
      <AdditionalOptions>
      </AdditionalOptions>
   </TestAction>
   <LaunchAction
      buildConfiguration = "Debug"
      selectedDebuggerIdentifier = "Xcode.DebuggerFoundation.Debugger.LLDB"
      selectedLauncherIdentifier = "Xcode.DebuggerFoundation.Launcher.LLDB"
      launchStyle = "0"
      useCustomWorkingDirectory = "NO"
      ignoresPersistentStateOnLaunch = "NO"
      debugDocumentVersioning = "YES"
      debugServiceExtension = "internal"
      allowLocationSimulation = "YES"
      launchAutomaticallySubstyle = "4"
      notificationPayloadFile = "Gulps WatchKit Extension/PushNotificationPayload.apns">
      <RemoteRunnable
         runnableDebuggingMode = "2"
         BundleIdentifier = "com.apple.springboard"
         RemotePath = "/Gulps">
         <BuildableReference
            BuildableIdentifier = "primary"
            BlueprintIdentifier = "65F44C681AF24B8A0093A3E9"
            BuildableName = "Gulps WatchKit App.app"
            BlueprintName = "Gulps WatchKit App"
            ReferencedContainer = "container:Gulps.xcodeproj">
         </BuildableReference>
      </RemoteRunnable>
      <MacroExpansion>
         <BuildableReference
            BuildableIdentifier = "primary"
            BlueprintIdentifier = "65F44C681AF24B8A0093A3E9"
            BuildableName = "Gulps WatchKit App.app"
            BlueprintName = "Gulps WatchKit App"
            ReferencedContainer = "container:Gulps.xcodeproj">
         </BuildableReference>
      </MacroExpansion>
      <AdditionalOptions>
      </AdditionalOptions>
   </LaunchAction>
   <ProfileAction
      buildConfiguration = "Release"
      shouldUseLaunchSchemeArgsEnv = "YES"
      savedToolIdentifier = ""
      useCustomWorkingDirectory = "NO"
      debugDocumentVersioning = "YES"
      launchAutomaticallySubstyle = "4"
      notificationPayloadFile = "Gulps WatchKit Extension/PushNotificationPayload.apns">
      <RemoteRunnable
         runnableDebuggingMode = "2"
         BundleIdentifier = "com.apple.springboard"
         RemotePath = "/Gulps">
         <BuildableReference
            BuildableIdentifier = "primary"
            BlueprintIdentifier = "65F44C681AF24B8A0093A3E9"
            BuildableName = "Gulps WatchKit App.app"
            BlueprintName = "Gulps WatchKit App"
            ReferencedContainer = "container:Gulps.xcodeproj">
         </BuildableReference>
      </RemoteRunnable>
      <MacroExpansion>
         <BuildableReference
            BuildableIdentifier = "primary"
            BlueprintIdentifier = "65F44C681AF24B8A0093A3E9"
            BuildableName = "Gulps WatchKit App.app"
            BlueprintName = "Gulps WatchKit App"
            ReferencedContainer = "container:Gulps.xcodeproj">
         </BuildableReference>
      </MacroExpansion>
   </ProfileAction>
   <AnalyzeAction
      buildConfiguration = "Debug">
   </AnalyzeAction>
   <ArchiveAction
      buildConfiguration = "Release"
      revealArchiveInOrganizer = "YES">
   </ArchiveAction>
</Scheme>
